PODS:
  - AFNetworking (3.1.0):
    - AFNetworking/NSURLSession (= 3.1.0)
    - AFNetworking/Reachability (= 3.1.0)
    - AFNetworking/Security (= 3.1.0)
    - AFNetworking/Serialization (= 3.1.0)
    - AFNetworking/UIKit (= 3.1.0)
  - AFNetworking/NSURLSession (3.1.0):
    - AFNetworking/Reachability
    - AFNetworking/Security
    - AFNetworking/Serialization
  - AFNetworking/Reachability (3.1.0)
  - AFNetworking/Security (3.1.0)
  - AFNetworking/Serialization (3.1.0)
  - AFNetworking/UIKit (3.1.0):
    - AFNetworking/NSURLSession
  - FBBHttpClient (0.2.3):
    - AFNetworking
  - MGJRouter (0.9.3)

DEPENDENCIES:
  - FBBHttpClient
  - MGJRouter

SPEC CHECKSUMS:
  AFNetworking: 5e0e199f73d8626b11e79750991f5d173d1f8b67
  FBBHttpClient: bc6b315fc1b063dbfac4d8815ff59c346702b615
  MGJRouter: f65821e2aeffc8f9e84b254c8f1c0dd80f048aa9

PODFILE CHECKSUM: 13ab2574772764708b9ac55bdb0af790e352a74d

COCOAPODS: 1.2.1.beta.1
