PODS:
  - FBBHttpClient (0.1.0)
  - FBBUserCenter (0.1.1):
    - FBBHttpClient
    - MGJRouter
  - Masonry (1.0.2)
  - MGJRouter (0.9.3)
  - SDWebImage (4.1.0):
    - SDWebImage/Core (= 4.1.0)
  - SDWebImage/Core (4.1.0)

DEPENDENCIES:
  - FBBHttpClient
  - FBBUserCenter
  - Masonry
  - MGJRouter
  - SDWebImage

SPEC CHECKSUMS:
  FBBHttpClient: 4a14d17255121dbe3059151f347f268b31cbef80
  FBBUserCenter: 7f0ec1928b36fd3fc8dd839c15d5c6927a8f2dbd
  Masonry: 7c429b56da9d4ee0bbb3ed77a5ea710d6a5df39e
  MGJRouter: f65821e2aeffc8f9e84b254c8f1c0dd80f048aa9
  SDWebImage: 0e435c14e402a6730315a0fb79f95e68654d55a4

PODFILE CHECKSUM: 37d998ddab342c89ffe79f2d30c2b0437005b048

COCOAPODS: 1.2.1.beta.1
